Microsoft Visual Studio Solution File, Format Version 9.00
# Visual Studio 2005
Project("{8BC9CEB8-8B4A-11D0-8D11-00A0C91BC942}") = "isxbb", "isxbb.vcproj", "{66FFC8E0-AA00-45E4-A849-50B2402E9AF0}"
EndProject
Global
	GlobalSection(SolutionConfigurationPlatforms) = preSolution
		Debug|Win32 = Debug|Win32
		Release|Win32 = Release|Win32
	EndGlobalSection
	GlobalSection(ProjectConfigurationPlatforms) = postSolution
		{66FFC8E0-AA00-45E4-A849-50B2402E9AF0}.Debug|Win32.ActiveCfg = Debug|Win32
		{66FFC8E0-AA00-45E4-A849-50B2402E9AF0}.Debug|Win32.Build.0 = Debug|Win32
		{66FFC8E0-AA00-45E4-A849-50B2402E9AF0}.Release|Win32.ActiveCfg = Release|Win32
		{66FFC8E0-AA00-45E4-A849-50B2402E9AF0}.Release|Win32.Build.0 = Release|Win32
	EndGlobalSection
	GlobalSection(SolutionProperties) = preSolution
		HideSolutionNode = FALSE
	EndGlobalSection
EndGlobal
